
Microsoft Visual Studio Solution File, Format Version 12.00
# Visual Studio Version 16
VisualStudioVersion = 16.0.31424.327
MinimumVisualStudioVersion = 10.0.40219.1
Project("{9A19103F-16F7-4668-BE54-9A1E7A4F7556}") = "HitachiAssessment", "HitachiAssessment.csproj", "{128153EB-F691-4E77-8619-A93E39C8E16A}"
EndProject
Global
	GlobalSection(SolutionConfigurationPlatforms) = preSolution
		Debug|Any CPU = Debug|Any CPU
		Release|Any CPU = Release|Any CPU
	EndGlobalSection
	GlobalSection(ProjectConfigurationPlatforms) = postSolution
		{128153EB-F691-4E77-8619-A93E39C8E16A}.Debug|Any CPU.ActiveCfg = Debug|Any CPU
		{128153EB-F691-4E77-8619-A93E39C8E16A}.Debug|Any CPU.Build.0 = Debug|Any CPU
		{128153EB-F691-4E77-8619-A93E39C8E16A}.Release|Any CPU.ActiveCfg = Release|Any CPU
		{128153EB-F691-4E77-8619-A93E39C8E16A}.Release|Any CPU.Build.0 = Release|Any CPU
	EndGlobalSection
	GlobalSection(SolutionProperties) = preSolution
		HideSolutionNode = FALSE
	EndGlobalSection
	GlobalSection(ExtensibilityGlobals) = postSolution
		SolutionGuid = {CC54B384-39A5-49C4-A198-BB26FF652B59}
	EndGlobalSection
EndGlobal
